
Microsoft Visual Studio Solution File, Format Version 12.00
# Visual Studio Version 17
VisualStudioVersion = 17.0.31903.59
MinimumVisualStudioVersion = 10.0.40219.1
Project("{FAE04EC0-301F-11D3-BF4B-00C04F79EFBC}") = "Project.Wild.Pony.Api", "Project.Wild.Pony.Api\Project.Wild.Pony.Api.csproj", "{D744EB35-78C4-4D05-A966-93CC3D82BE0E}"
EndProject
Project("{FAE04EC0-301F-11D3-BF4B-00C04F79EFBC}") = "Project.Wild.Pony.Domain", "Project.Wild.Pony.Domain\Project.Wild.Pony.Domain.csproj", "{2EC40BF9-ADAE-4C06-8533-286EB1C93428}"
EndProject
Project("{2150E333-8FDC-42A3-9474-1A3956D46DE8}") = "tests", "tests", "{0AB3BF05-4346-4AA6-1389-037BE0695223}"
EndProject
Project("{FAE04EC0-301F-11D3-BF4B-00C04F79EFBC}") = "Project.Wild.Pony.Domain.Tests", "tests\Project.Wild.Pony.Domain.Tests\Project.Wild.Pony.Domain.Tests.csproj", "{573A1DC3-038B-45B9-B6AD-B91034A65E7B}"
EndProject
Global
	GlobalSection(SolutionConfigurationPlatforms) = preSolution
		Debug|Any CPU = Debug|Any CPU
		Debug|x64 = Debug|x64
		Debug|x86 = Debug|x86
		Release|Any CPU = Release|Any CPU
		Release|x64 = Release|x64
		Release|x86 = Release|x86
	EndGlobalSection
	GlobalSection(ProjectConfigurationPlatforms) = postSolution
		{D744EB35-78C4-4D05-A966-93CC3D82BE0E}.Debug|Any CPU.ActiveCfg = Debug|Any CPU
		{D744EB35-78C4-4D05-A966-93CC3D82BE0E}.Debug|Any CPU.Build.0 = Debug|Any CPU
		{D744EB35-78C4-4D05-A966-93CC3D82BE0E}.Debug|x64.ActiveCfg = Debug|Any CPU
		{D744EB35-78C4-4D05-A966-93CC3D82BE0E}.Debug|x64.Build.0 = Debug|Any CPU
		{D744EB35-78C4-4D05-A966-93CC3D82BE0E}.Debug|x86.ActiveCfg = Debug|Any CPU
		{D744EB35-78C4-4D05-A966-93CC3D82BE0E}.Debug|x86.Build.0 = Debug|Any CPU
		{D744EB35-78C4-4D05-A966-93CC3D82BE0E}.Release|Any CPU.ActiveCfg = Release|Any CPU
		{D744EB35-78C4-4D05-A966-93CC3D82BE0E}.Release|Any CPU.Build.0 = Release|Any CPU
		{D744EB35-78C4-4D05-A966-93CC3D82BE0E}.Release|x64.ActiveCfg = Release|Any CPU
		{D744EB35-78C4-4D05-A966-93CC3D82BE0E}.Release|x64.Build.0 = Release|Any CPU
		{D744EB35-78C4-4D05-A966-93CC3D82BE0E}.Release|x86.ActiveCfg = Release|Any CPU
		{D744EB35-78C4-4D05-A966-93CC3D82BE0E}.Release|x86.Build.0 = Release|Any CPU
		{2EC40BF9-ADAE-4C06-8533-286EB1C93428}.Debug|Any CPU.ActiveCfg = Debug|Any CPU
		{2EC40BF9-ADAE-4C06-8533-286EB1C93428}.Debug|Any CPU.Build.0 = Debug|Any CPU
		{2EC40BF9-ADAE-4C06-8533-286EB1C93428}.Debug|x64.ActiveCfg = Debug|Any CPU
		{2EC40BF9-ADAE-4C06-8533-286EB1C93428}.Debug|x64.Build.0 = Debug|Any CPU
		{2EC40BF9-ADAE-4C06-8533-286EB1C93428}.Debug|x86.ActiveCfg = Debug|Any CPU
		{2EC40BF9-ADAE-4C06-8533-286EB1C93428}.Debug|x86.Build.0 = Debug|Any CPU
		{2EC40BF9-ADAE-4C06-8533-286EB1C93428}.Release|Any CPU.ActiveCfg = Release|Any CPU
		{2EC40BF9-ADAE-4C06-8533-286EB1C93428}.Release|Any CPU.Build.0 = Release|Any CPU
		{2EC40BF9-ADAE-4C06-8533-286EB1C93428}.Release|x64.ActiveCfg = Release|Any CPU
		{2EC40BF9-ADAE-4C06-8533-286EB1C93428}.Release|x64.Build.0 = Release|Any CPU
		{2EC40BF9-ADAE-4C06-8533-286EB1C93428}.Release|x86.ActiveCfg = Release|Any CPU
		{2EC40BF9-ADAE-4C06-8533-286EB1C93428}.Release|x86.Build.0 = Release|Any CPU
		{573A1DC3-038B-45B9-B6AD-B91034A65E7B}.Debug|Any CPU.ActiveCfg = Debug|Any CPU
		{573A1DC3-038B-45B9-B6AD-B91034A65E7B}.Debug|Any CPU.Build.0 = Debug|Any CPU
		{573A1DC3-038B-45B9-B6AD-B91034A65E7B}.Debug|x64.ActiveCfg = Debug|Any CPU
		{573A1DC3-038B-45B9-B6AD-B91034A65E7B}.Debug|x64.Build.0 = Debug|Any CPU
		{573A1DC3-038B-45B9-B6AD-B91034A65E7B}.Debug|x86.ActiveCfg = Debug|Any CPU
		{573A1DC3-038B-45B9-B6AD-B91034A65E7B}.Debug|x86.Build.0 = Debug|Any CPU
		{573A1DC3-038B-45B9-B6AD-B91034A65E7B}.Release|Any CPU.ActiveCfg = Release|Any CPU
		{573A1DC3-038B-45B9-B6AD-B91034A65E7B}.Release|Any CPU.Build.0 = Release|Any CPU
		{573A1DC3-038B-45B9-B6AD-B91034A65E7B}.Release|x64.ActiveCfg = Release|Any CPU
		{573A1DC3-038B-45B9-B6AD-B91034A65E7B}.Release|x64.Build.0 = Release|Any CPU
		{573A1DC3-038B-45B9-B6AD-B91034A65E7B}.Release|x86.ActiveCfg = Release|Any CPU
		{573A1DC3-038B-45B9-B6AD-B91034A65E7B}.Release|x86.Build.0 = Release|Any CPU
	EndGlobalSection
	GlobalSection(SolutionProperties) = preSolution
		HideSolutionNode = FALSE
	EndGlobalSection
	GlobalSection(NestedProjects) = preSolution
		{573A1DC3-038B-45B9-B6AD-B91034A65E7B} = {0AB3BF05-4346-4AA6-1389-037BE0695223}
	EndGlobalSection
EndGlobal
